
Microsoft Visual Studio Solution File, Format Version 12.00
# Visual Studio Version 17
VisualStudioVersion = 17.3.32811.315
MinimumVisualStudioVersion = 10.0.40219.1
Project("{8BC9CEB8-8B4A-11D0-8D11-00A0C91BC942}") = "HorasTrabajadas", "HorasTrabajadas\HorasTrabajadas.vcxproj", "{65679678-FFB5-47F2-A23E-3016E3601D05}"
EndProject
Global
	GlobalSection(SolutionConfigurationPlatforms) = preSolution
		Debug|x64 = Debug|x64
		Debug|x86 = Debug|x86
		Release|x64 = Release|x64
		Release|x86 = Release|x86
	EndGlobalSection
	GlobalSection(ProjectConfigurationPlatforms) = postSolution
		{65679678-FFB5-47F2-A23E-3016E3601D05}.Debug|x64.ActiveCfg = Debug|x64
		{65679678-FFB5-47F2-A23E-3016E3601D05}.Debug|x64.Build.0 = Debug|x64
		{65679678-FFB5-47F2-A23E-3016E3601D05}.Debug|x86.ActiveCfg = Debug|Win32
		{65679678-FFB5-47F2-A23E-3016E3601D05}.Debug|x86.Build.0 = Debug|Win32
		{65679678-FFB5-47F2-A23E-3016E3601D05}.Release|x64.ActiveCfg = Release|x64
		{65679678-FFB5-47F2-A23E-3016E3601D05}.Release|x64.Build.0 = Release|x64
		{65679678-FFB5-47F2-A23E-3016E3601D05}.Release|x86.ActiveCfg = Release|Win32
		{65679678-FFB5-47F2-A23E-3016E3601D05}.Release|x86.Build.0 = Release|Win32
	EndGlobalSection
	GlobalSection(SolutionProperties) = preSolution
		HideSolutionNode = FALSE
	EndGlobalSection
	GlobalSection(ExtensibilityGlobals) = postSolution
		SolutionGuid = {478EC09F-2206-411B-88C5-75ACFCE0513F}
	EndGlobalSection
EndGlobal
